
Microsoft Visual Studio Solution File, Format Version 12.00
# Visual Studio 15
VisualStudioVersion = 15.0.28307.329
MinimumVisualStudioVersion = 10.0.40219.1
Project("{FAE04EC0-301F-11D3-BF4B-00C04F79EFBC}") = "Projeto1", "Projeto1\Projeto1.csproj", "{B5B6C2CB-07DD-4E38-B627-67A1085D56D3}"
EndProject
Global
	GlobalSection(SolutionConfigurationPlatforms) = preSolution
		Debug|Any CPU = Debug|Any CPU
		Release|Any CPU = Release|Any CPU
	EndGlobalSection
	GlobalSection(ProjectConfigurationPlatforms) = postSolution
		{B5B6C2CB-07DD-4E38-B627-67A1085D56D3}.Debug|Any CPU.ActiveCfg = Debug|Any CPU
		{B5B6C2CB-07DD-4E38-B627-67A1085D56D3}.Debug|Any CPU.Build.0 = Debug|Any CPU
		{B5B6C2CB-07DD-4E38-B627-67A1085D56D3}.Release|Any CPU.ActiveCfg = Release|Any CPU
		{B5B6C2CB-07DD-4E38-B627-67A1085D56D3}.Release|Any CPU.Build.0 = Release|Any CPU
	EndGlobalSection
	GlobalSection(SolutionProperties) = preSolution
		HideSolutionNode = FALSE
	EndGlobalSection
	GlobalSection(ExtensibilityGlobals) = postSolution
		SolutionGuid = {C645E923-89AE-4F7C-BDAA-7395E8A3D9D8}
	EndGlobalSection
EndGlobal
